
Microsoft Visual Studio Solution File, Format Version 12.00
# Visual Studio Version 17
VisualStudioVersion = 17.3.32901.215
MinimumVisualStudioVersion = 10.0.40219.1
Project("{FAE04EC0-301F-11D3-BF4B-00C04F79EFBC}") = "01_Switch_Case", "01_Switch_Case\01_Switch_Case.csproj", "{66E56A93-0655-4133-988F-55D35262D806}"
EndProject
Project("{FAE04EC0-301F-11D3-BF4B-00C04F79EFBC}") = "02_Switch_Case", "02_Switch_Case\02_Switch_Case.csproj", "{D780029D-73B8-4CB8-808F-7F98D882942C}"
EndProject
Project("{FAE04EC0-301F-11D3-BF4B-00C04F79EFBC}") = "03_Switch_Case", "03_Switch_Case\03_Switch_Case.csproj", "{D7D27794-728C-4EA4-B372-3ABB14D158B8}"
EndProject
Global
	GlobalSection(SolutionConfigurationPlatforms) = preSolution
		Debug|Any CPU = Debug|Any CPU
		Release|Any CPU = Release|Any CPU
	EndGlobalSection
	GlobalSection(ProjectConfigurationPlatforms) = postSolution
		{66E56A93-0655-4133-988F-55D35262D806}.Debug|Any CPU.ActiveCfg = Debug|Any CPU
		{66E56A93-0655-4133-988F-55D35262D806}.Debug|Any CPU.Build.0 = Debug|Any CPU
		{66E56A93-0655-4133-988F-55D35262D806}.Release|Any CPU.ActiveCfg = Release|Any CPU
		{66E56A93-0655-4133-988F-55D35262D806}.Release|Any CPU.Build.0 = Release|Any CPU
		{D780029D-73B8-4CB8-808F-7F98D882942C}.Debug|Any CPU.ActiveCfg = Debug|Any CPU
		{D780029D-73B8-4CB8-808F-7F98D882942C}.Debug|Any CPU.Build.0 = Debug|Any CPU
		{D780029D-73B8-4CB8-808F-7F98D882942C}.Release|Any CPU.ActiveCfg = Release|Any CPU
		{D780029D-73B8-4CB8-808F-7F98D882942C}.Release|Any CPU.Build.0 = Release|Any CPU
		{D7D27794-728C-4EA4-B372-3ABB14D158B8}.Debug|Any CPU.ActiveCfg = Debug|Any CPU
		{D7D27794-728C-4EA4-B372-3ABB14D158B8}.Debug|Any CPU.Build.0 = Debug|Any CPU
		{D7D27794-728C-4EA4-B372-3ABB14D158B8}.Release|Any CPU.ActiveCfg = Release|Any CPU
		{D7D27794-728C-4EA4-B372-3ABB14D158B8}.Release|Any CPU.Build.0 = Release|Any CPU
	EndGlobalSection
	GlobalSection(SolutionProperties) = preSolution
		HideSolutionNode = FALSE
	EndGlobalSection
	GlobalSection(ExtensibilityGlobals) = postSolution
		SolutionGuid = {4B562152-6DD6-4FD8-90DD-758028CF964C}
	EndGlobalSection
EndGlobal
