
Microsoft Visual Studio Solution File, Format Version 12.00
# Visual Studio Version 17
VisualStudioVersion = 17.3.32901.215
MinimumVisualStudioVersion = 10.0.40219.1
Project("{FAE04EC0-301F-11D3-BF4B-00C04F79EFBC}") = "01_For", "01_For\01_For.csproj", "{8E48AC30-67F1-482A-9A51-DF3A88AB8128}"
EndProject
Project("{FAE04EC0-301F-11D3-BF4B-00C04F79EFBC}") = "02_For", "02_For\02_For.csproj", "{FB542BBC-C7D9-4FDB-9394-EFD7E094FB40}"
EndProject
Global
	GlobalSection(SolutionConfigurationPlatforms) = preSolution
		Debug|Any CPU = Debug|Any CPU
		Release|Any CPU = Release|Any CPU
	EndGlobalSection
	GlobalSection(ProjectConfigurationPlatforms) = postSolution
		{8E48AC30-67F1-482A-9A51-DF3A88AB8128}.Debug|Any CPU.ActiveCfg = Debug|Any CPU
		{8E48AC30-67F1-482A-9A51-DF3A88AB8128}.Debug|Any CPU.Build.0 = Debug|Any CPU
		{8E48AC30-67F1-482A-9A51-DF3A88AB8128}.Release|Any CPU.ActiveCfg = Release|Any CPU
		{8E48AC30-67F1-482A-9A51-DF3A88AB8128}.Release|Any CPU.Build.0 = Release|Any CPU
		{FB542BBC-C7D9-4FDB-9394-EFD7E094FB40}.Debug|Any CPU.ActiveCfg = Debug|Any CPU
		{FB542BBC-C7D9-4FDB-9394-EFD7E094FB40}.Debug|Any CPU.Build.0 = Debug|Any CPU
		{FB542BBC-C7D9-4FDB-9394-EFD7E094FB40}.Release|Any CPU.ActiveCfg = Release|Any CPU
		{FB542BBC-C7D9-4FDB-9394-EFD7E094FB40}.Release|Any CPU.Build.0 = Release|Any CPU
	EndGlobalSection
	GlobalSection(SolutionProperties) = preSolution
		HideSolutionNode = FALSE
	EndGlobalSection
	GlobalSection(ExtensibilityGlobals) = postSolution
		SolutionGuid = {F2688601-ADCC-4204-B786-811B70373AAE}
	EndGlobalSection
EndGlobal
